// !$*UTF8*$!
{
	archiveVersion = 1;
	classes = {
	};
	objectVersion = 51;
	objects = {

/* Begin PBXBuildFile section */
		137528FBC27735E5E45373F9 /* Pods_asdk_movies.framework in Frameworks */ = {isa = PBXBuildFile; fileRef = 2FDC37A2C79047FEBEAB8B02 /* Pods_asdk_movies.framework */; };
		40D40154FE2FC5D31EC864A2 /* Pods_asdk_moviesTests.framework in Frameworks */ = {isa = PBXBuildFile; fileRef = 2F87952A2ADFF89DDCBB418E /* Pods_asdk_moviesTests.framework */; };
		626A832D264305B60064629E /* MoviesFeedNodeController.m in Sources */ = {isa = PBXBuildFile; fileRef = 626A832C264305B60064629E /* MoviesFeedNodeController.m */; };
		626A833026430F650064629E /* MovieCellNode.m in Sources */ = {isa = PBXBuildFile; fileRef = 626A832F26430F650064629E /* MovieCellNode.m */; };
		626E826F2642537B008CF047 /* AppDelegate.m in Sources */ = {isa = PBXBuildFile; fileRef = 626E826E2642537B008CF047 /* AppDelegate.m */; };
		626E82722642537B008CF047 /* SceneDelegate.m in Sources */ = {isa = PBXBuildFile; fileRef = 626E82712642537B008CF047 /* SceneDelegate.m */; };
		626E82782642537B008CF047 /* Main.storyboard in Resources */ = {isa = PBXBuildFile; fileRef = 626E82762642537B008CF047 /* Main.storyboard */; };
		626E827A2642537C008CF047 /* Assets.xcassets in Resources */ = {isa = PBXBuildFile; fileRef = 626E82792642537C008CF047 /* Assets.xcassets */; };
		626E827D2642537C008CF047 /* LaunchScreen.storyboard in Resources */ = {isa = PBXBuildFile; fileRef = 626E827B2642537C008CF047 /* LaunchScreen.storyboard */; };
		626E82802642537C008CF047 /* main.m in Sources */ = {isa = PBXBuildFile; fileRef = 626E827F2642537C008CF047 /* main.m */; };
		626E828A2642537C008CF047 /* asdk_moviesTests.m in Sources */ = {isa = PBXBuildFile; fileRef = 626E82892642537C008CF047 /* asdk_moviesTests.m */; };
		626E82952642537C008CF047 /* asdk_moviesUITests.m in Sources */ = {isa = PBXBuildFile; fileRef = 626E82942642537C008CF047 /* asdk_moviesUITests.m */; };
		626E82AA2642606D008CF047 /* Movie.m in Sources */ = {isa = PBXBuildFile; fileRef = 626E82A92642606D008CF047 /* Movie.m */; };
		62A6B23F2642690F00FF2E4E /* Constants.m in Sources */ = {isa = PBXBuildFile; fileRef = 62A6B23E2642690F00FF2E4E /* Constants.m */; };
		B3DC57F25F67ECE4F0666BDE /* Pods_asdk_movies_asdk_moviesUITests.framework in Frameworks */ = {isa = PBXBuildFile; fileRef = AF6B137D0AE6E0B817DF53FD /* Pods_asdk_movies_asdk_moviesUITests.framework */; };
/* End PBXBuildFile section */

/* Begin PBXContainerItemProxy section */
		626E82862642537C008CF047 /* PBXContainerItemProxy */ = {
			isa = PBXContainerItemProxy;
			containerPortal = 626E82622642537B008CF047 /* Project object */;
			proxyType = 1;
			remoteGlobalIDString = 626E82692642537B008CF047;
			remoteInfo = "asdk-movies";
		};
		626E82912642537C008CF047 /* PBXContainerItemProxy */ = {
			isa = PBXContainerItemProxy;
			containerPortal = 626E82622642537B008CF047 /* Project object */;
			proxyType = 1;
			remoteGlobalIDString = 626E82692642537B008CF047;
			remoteInfo = "asdk-movies";
		};
/* End PBXContainerItemProxy section */

/* Begin PBXFileReference section */
		22A5F7E91D2736DE00044408 /* Pods-asdk-movies.debug.xcconfig */ = {isa = PBXFileReference; includeInIndex = 1; lastKnownFileType = text.xcconfig; name = "Pods-asdk-movies.debug.xcconfig"; path = "Target Support Files/Pods-asdk-movies/Pods-asdk-movies.debug.xcconfig"; sourceTree = "<group>"; };
		2F87952A2ADFF89DDCBB418E /* Pods_asdk_moviesTests.framework */ = {isa = PBXFileReference; explicitFileType = wrapper.framework; includeInIndex = 0; path = Pods_asdk_moviesTests.framework; sourceTree = BUILT_PRODUCTS_DIR; };
		2FDC37A2C79047FEBEAB8B02 /* Pods_asdk_movies.framework */ = {isa = PBXFileReference; explicitFileType = wrapper.framework; includeInIndex = 0; path = Pods_asdk_movies.framework; sourceTree = BUILT_PRODUCTS_DIR; };
		3C7FA8661D488AFBDBA2C409 /* Pods-asdk-moviesTests.release.xcconfig */ = {isa = PBXFileReference; includeInIndex = 1; lastKnownFileType = text.xcconfig; name = "Pods-asdk-moviesTests.release.xcconfig"; path = "Target Support Files/Pods-asdk-moviesTests/Pods-asdk-moviesTests.release.xcconfig"; sourceTree = "<group>"; };
		626A832B264305B60064629E /* MoviesFeedNodeController.h */ = {isa = PBXFileReference; lastKnownFileType = sourcecode.c.h; path = MoviesFeedNodeController.h; sourceTree = "<group>"; };
		626A832C264305B60064629E /* MoviesFeedNodeController.m */ = {isa = PBXFileReference; lastKnownFileType = sourcecode.c.objc; path = MoviesFeedNodeController.m; sourceTree = "<group>"; };
		626A832E26430F650064629E /* MovieCellNode.h */ = {isa = PBXFileReference; lastKnownFileType = sourcecode.c.h; path = MovieCellNode.h; sourceTree = "<group>"; };
		626A832F26430F650064629E /* MovieCellNode.m */ = {isa = PBXFileReference; lastKnownFileType = sourcecode.c.objc; path = MovieCellNode.m; sourceTree = "<group>"; };
		626E826A2642537B008CF047 /* asdk-movies.app */ = {isa = PBXFileReference; explicitFileType = wrapper.application; includeInIndex = 0; path = "asdk-movies.app"; sourceTree = BUILT_PRODUCTS_DIR; };
		626E826D2642537B008CF047 /* AppDelegate.h */ = {isa = PBXFileReference; lastKnownFileType = sourcecode.c.h; path = AppDelegate.h; sourceTree = "<group>"; };
		626E826E2642537B008CF047 /* AppDelegate.m */ = {isa = PBXFileReference; lastKnownFileType = sourcecode.c.objc; path = AppDelegate.m; sourceTree = "<group>"; };
		626E82702642537B008CF047 /* SceneDelegate.h */ = {isa = PBXFileReference; lastKnownFileType = sourcecode.c.h; path = SceneDelegate.h; sourceTree = "<group>"; };
		626E82712642537B008CF047 /* SceneDelegate.m */ = {isa = PBXFileReference; lastKnownFileType = sourcecode.c.objc; path = SceneDelegate.m; sourceTree = "<group>"; };
		626E82772642537B008CF047 /* Base */ = {isa = PBXFileReference; lastKnownFileType = file.storyboard; name = Base; path = Base.lproj/Main.storyboard; sourceTree = "<group>"; };
		626E82792642537C008CF047 /* Assets.xcassets */ = {isa = PBXFileReference; lastKnownFileType = folder.assetcatalog; path = Assets.xcassets; sourceTree = "<group>"; };
		626E827C2642537C008CF047 /* Base */ = {isa = PBXFileReference; lastKnownFileType = file.storyboard; name = Base; path = Base.lproj/LaunchScreen.storyboard; sourceTree = "<group>"; };
		626E827E2642537C008CF047 /* Info.plist */ = {isa = PBXFileReference; lastKnownFileType = text.plist.xml; path = Info.plist; sourceTree = "<group>"; };
		626E827F2642537C008CF047 /* main.m */ = {isa = PBXFileReference; lastKnownFileType = sourcecode.c.objc; path = main.m; sourceTree = "<group>"; };
		626E82852642537C008CF047 /* asdk-moviesTests.xctest */ = {isa = PBXFileReference; explicitFileType = wrapper.cfbundle; includeInIndex = 0; path = "asdk-moviesTests.xctest"; sourceTree = BUILT_PRODUCTS_DIR; };
		626E82892642537C008CF047 /* asdk_moviesTests.m */ = {isa = PBXFileReference; lastKnownFileType = sourcecode.c.objc; path = asdk_moviesTests.m; sourceTree = "<group>"; };
		626E828B2642537C008CF047 /* Info.plist */ = {isa = PBXFileReference; lastKnownFileType = text.plist.xml; path = Info.plist; sourceTree = "<group>"; };
		626E82902642537C008CF047 /* asdk-moviesUITests.xctest */ = {isa = PBXFileReference; explicitFileType = wrapper.cfbundle; includeInIndex = 0; path = "asdk-moviesUITests.xctest"; sourceTree = BUILT_PRODUCTS_DIR; };
		626E82942642537C008CF047 /* asdk_moviesUITests.m */ = {isa = PBXFileReference; lastKnownFileType = sourcecode.c.objc; path = asdk_moviesUITests.m; sourceTree = "<group>"; };
		626E82962642537C008CF047 /* Info.plist */ = {isa = PBXFileReference; lastKnownFileType = text.plist.xml; path = Info.plist; sourceTree = "<group>"; };
		626E82A82642606D008CF047 /* Movie.h */ = {isa = PBXFileReference; lastKnownFileType = sourcecode.c.h; path = Movie.h; sourceTree = "<group>"; };
		626E82A92642606D008CF047 /* Movie.m */ = {isa = PBXFileReference; lastKnownFileType = sourcecode.c.objc; path = Movie.m; sourceTree = "<group>"; };
		62A6B23D2642690F00FF2E4E /* Constants.h */ = {isa = PBXFileReference; lastKnownFileType = sourcecode.c.h; path = Constants.h; sourceTree = "<group>"; };
		62A6B23E2642690F00FF2E4E /* Constants.m */ = {isa = PBXFileReference; lastKnownFileType = sourcecode.c.objc; path = Constants.m; sourceTree = "<group>"; };
		65C07384F86D1D4FF2691BE0 /* Pods-asdk-movies-asdk-moviesUITests.debug.xcconfig */ = {isa = PBXFileReference; includeInIndex = 1; lastKnownFileType = text.xcconfig; name = "Pods-asdk-movies-asdk-moviesUITests.debug.xcconfig"; path = "Target Support Files/Pods-asdk-movies-asdk-moviesUITests/Pods-asdk-movies-asdk-moviesUITests.debug.xcconfig"; sourceTree = "<group>"; };
		A3F20CC0E59E106798AB19FA /* Pods-asdk-moviesTests.debug.xcconfig */ = {isa = PBXFileReference; includeInIndex = 1; lastKnownFileType = text.xcconfig; name = "Pods-asdk-moviesTests.debug.xcconfig"; path = "Target Support Files/Pods-asdk-moviesTests/Pods-asdk-moviesTests.debug.xcconfig"; sourceTree = "<group>"; };
		AF6B137D0AE6E0B817DF53FD /* Pods_asdk_movies_asdk_moviesUITests.framework */ = {isa = PBXFileReference; explicitFileType = wrapper.framework; includeInIndex = 0; path = Pods_asdk_movies_asdk_moviesUITests.framework; sourceTree = BUILT_PRODUCTS_DIR; };
		C794C39F20E03AB927C8F184 /* Pods-asdk-movies-asdk-moviesUITests.release.xcconfig */ = {isa = PBXFileReference; includeInIndex = 1; lastKnownFileType = text.xcconfig; name = "Pods-asdk-movies-asdk-moviesUITests.release.xcconfig"; path = "Target Support Files/Pods-asdk-movies-asdk-moviesUITests/Pods-asdk-movies-asdk-moviesUITests.release.xcconfig"; sourceTree = "<group>"; };
		F6B0EBB8F8A79514EA2C20DF /* Pods-asdk-movies.release.xcconfig */ = {isa = PBXFileReference; includeInIndex = 1; lastKnownFileType = text.xcconfig; name = "Pods-asdk-movies.release.xcconfig"; path = "Target Support Files/Pods-asdk-movies/Pods-asdk-movies.release.xcconfig"; sourceTree = "<group>"; };
/* End PBXFileReference section */

/* Begin PBXFrameworksBuildPhase section */
		626E82672642537B008CF047 /* Frameworks */ = {
			isa = PBXFrameworksBuildPhase;
			buildActionMask = 2147483647;
			files = (
				137528FBC27735E5E45373F9 /* Pods_asdk_movies.framework in Frameworks */,
			);
			runOnlyForDeploymentPostprocessing = 0;
		};
		626E82822642537C008CF047 /* Frameworks */ = {
			isa = PBXFrameworksBuildPhase;
			buildActionMask = 2147483647;
			files = (
				40D40154FE2FC5D31EC864A2 /* Pods_asdk_moviesTests.framework in Frameworks */,
			);
			runOnlyForDeploymentPostprocessing = 0;
		};
		626E828D2642537C008CF047 /* Frameworks */ = {
			isa = PBXFrameworksBuildPhase;
			buildActionMask = 2147483647;
			files = (
				B3DC57F25F67ECE4F0666BDE /* Pods_asdk_movies_asdk_moviesUITests.framework in Frameworks */,
			);
			runOnlyForDeploymentPostprocessing = 0;
		};
/* End PBXFrameworksBuildPhase section */

/* Begin PBXGroup section */
		4FECADB93CAF8E8B9242BA9F /* Frameworks */ = {
			isa = PBXGroup;
			children = (
				2FDC37A2C79047FEBEAB8B02 /* Pods_asdk_movies.framework */,
				AF6B137D0AE6E0B817DF53FD /* Pods_asdk_movies_asdk_moviesUITests.framework */,
				2F87952A2ADFF89DDCBB418E /* Pods_asdk_moviesTests.framework */,
			);
			name = Frameworks;
			sourceTree = "<group>";
		};
		626E82612642537B008CF047 = {
			isa = PBXGroup;
			children = (
				626E826C2642537B008CF047 /* asdk-movies */,
				626E82882642537C008CF047 /* asdk-moviesTests */,
				626E82932642537C008CF047 /* asdk-moviesUITests */,
				626E826B2642537B008CF047 /* Products */,
				FD12FCB5F2D44E60F248E13A /* Pods */,
				4FECADB93CAF8E8B9242BA9F /* Frameworks */,
			);
			sourceTree = "<group>";
		};
		626E826B2642537B008CF047 /* Products */ = {
			isa = PBXGroup;
			children = (
				626E826A2642537B008CF047 /* asdk-movies.app */,
				626E82852642537C008CF047 /* asdk-moviesTests.xctest */,
				626E82902642537C008CF047 /* asdk-moviesUITests.xctest */,
			);
			name = Products;
			sourceTree = "<group>";
		};
		626E826C2642537B008CF047 /* asdk-movies */ = {
			isa = PBXGroup;
			children = (
				626E826D2642537B008CF047 /* AppDelegate.h */,
				626E826E2642537B008CF047 /* AppDelegate.m */,
				626E82702642537B008CF047 /* SceneDelegate.h */,
				626E82712642537B008CF047 /* SceneDelegate.m */,
				62A6B23D2642690F00FF2E4E /* Constants.h */,
				62A6B23E2642690F00FF2E4E /* Constants.m */,
				626E82A4264253A5008CF047 /* Models */,
				626E82A326425394008CF047 /* Controllers */,
				626E82A22642538F008CF047 /* Views */,
				626E82762642537B008CF047 /* Main.storyboard */,
				626E82792642537C008CF047 /* Assets.xcassets */,
				626E827B2642537C008CF047 /* LaunchScreen.storyboard */,
				626E827E2642537C008CF047 /* Info.plist */,
				626E827F2642537C008CF047 /* main.m */,
			);
			path = "asdk-movies";
			sourceTree = "<group>";
		};
		626E82882642537C008CF047 /* asdk-moviesTests */ = {
			isa = PBXGroup;
			children = (
				626E82892642537C008CF047 /* asdk_moviesTests.m */,
				626E828B2642537C008CF047 /* Info.plist */,
			);
			path = "asdk-moviesTests";
			sourceTree = "<group>";
		};
		626E82932642537C008CF047 /* asdk-moviesUITests */ = {
			isa = PBXGroup;
			children = (
				626E82942642537C008CF047 /* asdk_moviesUITests.m */,
				626E82962642537C008CF047 /* Info.plist */,
			);
			path = "asdk-moviesUITests";
			sourceTree = "<group>";
		};
		626E82A22642538F008CF047 /* Views */ = {
			isa = PBXGroup;
			children = (
				626A832E26430F650064629E /* MovieCellNode.h */,
				626A832F26430F650064629E /* MovieCellNode.m */,
			);
			path = Views;
			sourceTree = "<group>";
		};
		626E82A326425394008CF047 /* Controllers */ = {
			isa = PBXGroup;
			children = (
				626A832B264305B60064629E /* MoviesFeedNodeController.h */,
				626A832C264305B60064629E /* MoviesFeedNodeController.m */,
			);
			path = Controllers;
			sourceTree = "<group>";
		};
		626E82A4264253A5008CF047 /* Models */ = {
			isa = PBXGroup;
			children = (
				626E82A82642606D008CF047 /* Movie.h */,
				626E82A92642606D008CF047 /* Movie.m */,
			);
			path = Models;
			sourceTree = "<group>";
		};
		FD12FCB5F2D44E60F248E13A /* Pods */ = {
			isa = PBXGroup;
			children = (
				22A5F7E91D2736DE00044408 /* Pods-asdk-movies.debug.xcconfig */,
				F6B0EBB8F8A79514EA2C20DF /* Pods-asdk-movies.release.xcconfig */,
				65C07384F86D1D4FF2691BE0 /* Pods-asdk-movies-asdk-moviesUITests.debug.xcconfig */,
				C794C39F20E03AB927C8F184 /* Pods-asdk-movies-asdk-moviesUITests.release.xcconfig */,
				A3F20CC0E59E106798AB19FA /* Pods-asdk-moviesTests.debug.xcconfig */,
				3C7FA8661D488AFBDBA2C409 /* Pods-asdk-moviesTests.release.xcconfig */,
			);
			path = Pods;
			sourceTree = "<group>";
		};
/* End PBXGroup section */

/* Begin PBXNativeTarget section */
		626E82692642537B008CF047 /* asdk-movies */ = {
			isa = PBXNativeTarget;
			buildConfigurationList = 626E82992642537C008CF047 /* Build configuration list for PBXNativeTarget "asdk-movies" */;
			buildPhases = (
				FF831EA53BE11660651FE239 /* [CP] Check Pods Manifest.lock */,
				626E82662642537B008CF047 /* Sources */,
				626E82672642537B008CF047 /* Frameworks */,
				626E82682642537B008CF047 /* Resources */,
				E427954487F0FF333D1ACA5D /* [CP] Embed Pods Frameworks */,
			);
			buildRules = (
			);
			dependencies = (
			);
			name = "asdk-movies";
			productName = "asdk-movies";
			productReference = 626E826A2642537B008CF047 /* asdk-movies.app */;
			productType = "com.apple.product-type.application";
		};
		626E82842642537C008CF047 /* asdk-moviesTests */ = {
			isa = PBXNativeTarget;
			buildConfigurationList = 626E829C2642537C008CF047 /* Build configuration list for PBXNativeTarget "asdk-moviesTests" */;
			buildPhases = (
				39E9820145F115BEA32BBEDC /* [CP] Check Pods Manifest.lock */,
				626E82812642537C008CF047 /* Sources */,
				626E82822642537C008CF047 /* Frameworks */,
				626E82832642537C008CF047 /* Resources */,
			);
			buildRules = (
			);
			dependencies = (
				626E82872642537C008CF047 /* PBXTargetDependency */,
			);
			name = "asdk-moviesTests";
			productName = "asdk-moviesTests";
			productReference = 626E82852642537C008CF047 /* asdk-moviesTests.xctest */;
			productType = "com.apple.product-type.bundle.unit-test";
		};
		626E828F2642537C008CF047 /* asdk-moviesUITests */ = {
			isa = PBXNativeTarget;
			buildConfigurationList = 626E829F2642537C008CF047 /* Build configuration list for PBXNativeTarget "asdk-moviesUITests" */;
			buildPhases = (
				8AC60D3F263C5D28BA2CECA5 /* [CP] Check Pods Manifest.lock */,
				626E828C2642537C008CF047 /* Sources */,
				626E828D2642537C008CF047 /* Frameworks */,
				626E828E2642537C008CF047 /* Resources */,
				3D538B5502CAF50D710DE2B3 /* [CP] Embed Pods Frameworks */,
			);
			buildRules = (
			);
			dependencies = (
				626E82922642537C008CF047 /* PBXTargetDependency */,
			);
			name = "asdk-moviesUITests";
			productName = "asdk-moviesUITests";
			productReference = 626E82902642537C008CF047 /* asdk-moviesUITests.xctest */;
			productType = "com.apple.product-type.bundle.ui-testing";
		};
/* End PBXNativeTarget section */

/* Begin PBXProject section */
		626E82622642537B008CF047 /* Project object */ = {
			isa = PBXProject;
			attributes = {
				LastUpgradeCheck = 1250;
				TargetAttributes = {
					626E82692642537B008CF047 = {
						CreatedOnToolsVersion = 12.5;
					};
					626E82842642537C008CF047 = {
						CreatedOnToolsVersion = 12.5;
						TestTargetID = 626E82692642537B008CF047;
					};
					626E828F2642537C008CF047 = {
						CreatedOnToolsVersion = 12.5;
						TestTargetID = 626E82692642537B008CF047;
					};
				};
			};
			buildConfigurationList = 626E82652642537B008CF047 /* Build configuration list for PBXProject "asdk-movies" */;
			compatibilityVersion = "Xcode 9.3";
			developmentRegion = en;
			hasScannedForEncodings = 0;
			knownRegions = (
				en,
				Base,
			);
			mainGroup = 626E82612642537B008CF047;
			productRefGroup = 626E826B2642537B008CF047 /* Products */;
			projectDirPath = "";
			projectRoot = "";
			targets = (
				626E82692642537B008CF047 /* asdk-movies */,
				626E82842642537C008CF047 /* asdk-moviesTests */,
				626E828F2642537C008CF047 /* asdk-moviesUITests */,
			);
		};
/* End PBXProject section */

/* Begin PBXResourcesBuildPhase section */
		626E82682642537B008CF047 /* Resources */ = {
			isa = PBXResourcesBuildPhase;
			buildActionMask = 2147483647;
			files = (
				626E827D2642537C008CF047 /* LaunchScreen.storyboard in Resources */,
				626E827A2642537C008CF047 /* Assets.xcassets in Resources */,
				626E82782642537B008CF047 /* Main.storyboard in Resources */,
			);
			runOnlyForDeploymentPostprocessing = 0;
		};
		626E82832642537C008CF047 /* Resources */ = {
			isa = PBXResourcesBuildPhase;
			buildActionMask = 2147483647;
			files = (
			);
			runOnlyForDeploymentPostprocessing = 0;
		};
		626E828E2642537C008CF047 /* Resources */ = {
			isa = PBXResourcesBuildPhase;
			buildActionMask = 2147483647;
			files = (
			);
			runOnlyForDeploymentPostprocessing = 0;
		};
/* End PBXResourcesBuildPhase section */

/* Begin PBXShellScriptBuildPhase section */
		39E9820145F115BEA32BBEDC /* [CP] Check Pods Manifest.lock */ = {
			isa = PBXShellScriptBuildPhase;
			buildActionMask = 2147483647;
			files = (
			);
			inputFileListPaths = (
			);
			inputPaths = (
				"${PODS_PODFILE_DIR_PATH}/Podfile.lock",
				"${PODS_ROOT}/Manifest.lock",
			);
			name = "[CP] Check Pods Manifest.lock";
			outputFileListPaths = (
			);
			outputPaths = (
				"$(DERIVED_FILE_DIR)/Pods-asdk-moviesTests-checkManifestLockResult.txt",
			);
			runOnlyForDeploymentPostprocessing = 0;
			shellPath = /bin/sh;
			shellScript = "diff \"${PODS_PODFILE_DIR_PATH}/Podfile.lock\" \"${PODS_ROOT}/Manifest.lock\" > /dev/null\nif [ $? != 0 ] ; then\n    # print error to STDERR\n    echo \"error: The sandbox is not in sync with the Podfile.lock. Run 'pod install' or update your CocoaPods installation.\" >&2\n    exit 1\nfi\n# This output is used by Xcode 'outputs' to avoid re-running this script phase.\necho \"SUCCESS\" > \"${SCRIPT_OUTPUT_FILE_0}\"\n";
			showEnvVarsInLog = 0;
		};
		3D538B5502CAF50D710DE2B3 /* [CP] Embed Pods Frameworks */ = {
			isa = PBXShellScriptBuildPhase;
			buildActionMask = 2147483647;
			files = (
			);
			inputFileListPaths = (
				"${PODS_ROOT}/Target Support Files/Pods-asdk-movies-asdk-moviesUITests/Pods-asdk-movies-asdk-moviesUITests-frameworks-${CONFIGURATION}-input-files.xcfilelist",
			);
			name = "[CP] Embed Pods Frameworks";
			outputFileListPaths = (
				"${PODS_ROOT}/Target Support Files/Pods-asdk-movies-asdk-moviesUITests/Pods-asdk-movies-asdk-moviesUITests-frameworks-${CONFIGURATION}-output-files.xcfilelist",
			);
			runOnlyForDeploymentPostprocessing = 0;
			shellPath = /bin/sh;
			shellScript = "\"${PODS_ROOT}/Target Support Files/Pods-asdk-movies-asdk-moviesUITests/Pods-asdk-movies-asdk-moviesUITests-frameworks.sh\"\n";
			showEnvVarsInLog = 0;
		};
		8AC60D3F263C5D28BA2CECA5 /* [CP] Check Pods Manifest.lock */ = {
			isa = PBXShellScriptBuildPhase;
			buildActionMask = 2147483647;
			files = (
			);
			inputFileListPaths = (
			);
			inputPaths = (
				"${PODS_PODFILE_DIR_PATH}/Podfile.lock",
				"${PODS_ROOT}/Manifest.lock",
			);
			name = "[CP] Check Pods Manifest.lock";
			outputFileListPaths = (
			);
			outputPaths = (
				"$(DERIVED_FILE_DIR)/Pods-asdk-movies-asdk-moviesUITests-checkManifestLockResult.txt",
			);
			runOnlyForDeploymentPostprocessing = 0;
			shellPath = /bin/sh;
			shellScript = "diff \"${PODS_PODFILE_DIR_PATH}/Podfile.lock\" \"${PODS_ROOT}/Manifest.lock\" > /dev/null\nif [ $? != 0 ] ; then\n    # print error to STDERR\n    echo \"error: The sandbox is not in sync with the Podfile.lock. Run 'pod install' or update your CocoaPods installation.\" >&2\n    exit 1\nfi\n# This output is used by Xcode 'outputs' to avoid re-running this script phase.\necho \"SUCCESS\" > \"${SCRIPT_OUTPUT_FILE_0}\"\n";
			showEnvVarsInLog = 0;
		};
		E427954487F0FF333D1ACA5D /* [CP] Embed Pods Frameworks */ = {
			isa = PBXShellScriptBuildPhase;
			buildActionMask = 2147483647;
			files = (
			);
			inputFileListPaths = (
				"${PODS_ROOT}/Target Support Files/Pods-asdk-movies/Pods-asdk-movies-frameworks-${CONFIGURATION}-input-files.xcfilelist",
			);
			name = "[CP] Embed Pods Frameworks";
			outputFileListPaths = (
				"${PODS_ROOT}/Target Support Files/Pods-asdk-movies/Pods-asdk-movies-frameworks-${CONFIGURATION}-output-files.xcfilelist",
			);
			runOnlyForDeploymentPostprocessing = 0;
			shellPath = /bin/sh;
			shellScript = "\"${PODS_ROOT}/Target Support Files/Pods-asdk-movies/Pods-asdk-movies-frameworks.sh\"\n";
			showEnvVarsInLog = 0;
		};
		FF831EA53BE11660651FE239 /* [CP] Check Pods Manifest.lock */ = {
			isa = PBXShellScriptBuildPhase;
			buildActionMask = 2147483647;
			files = (
			);
			inputFileListPaths = (
			);
			inputPaths = (
				"${PODS_PODFILE_DIR_PATH}/Podfile.lock",
				"${PODS_ROOT}/Manifest.lock",
			);
			name = "[CP] Check Pods Manifest.lock";
			outputFileListPaths = (
			);
			outputPaths = (
				"$(DERIVED_FILE_DIR)/Pods-asdk-movies-checkManifestLockResult.txt",
			);
			runOnlyForDeploymentPostprocessing = 0;
			shellPath = /bin/sh;
			shellScript = "diff \"${PODS_PODFILE_DIR_PATH}/Podfile.lock\" \"${PODS_ROOT}/Manifest.lock\" > /dev/null\nif [ $? != 0 ] ; then\n    # print error to STDERR\n    echo \"error: The sandbox is not in sync with the Podfile.lock. Run 'pod install' or update your CocoaPods installation.\" >&2\n    exit 1\nfi\n# This output is used by Xcode 'outputs' to avoid re-running this script phase.\necho \"SUCCESS\" > \"${SCRIPT_OUTPUT_FILE_0}\"\n";
			showEnvVarsInLog = 0;
		};
/* End PBXShellScriptBuildPhase section */

/* Begin PBXSourcesBuildPhase section */
		626E82662642537B008CF047 /* Sources */ = {
			isa = PBXSourcesBuildPhase;
			buildActionMask = 2147483647;
			files = (
				626A833026430F650064629E /* MovieCellNode.m in Sources */,
				626A832D264305B60064629E /* MoviesFeedNodeController.m in Sources */,
				626E826F2642537B008CF047 /* AppDelegate.m in Sources */,
				626E82802642537C008CF047 /* main.m in Sources */,
				626E82AA2642606D008CF047 /* Movie.m in Sources */,
				626E82722642537B008CF047 /* SceneDelegate.m in Sources */,
				62A6B23F2642690F00FF2E4E /* Constants.m in Sources */,
			);
			runOnlyForDeploymentPostprocessing = 0;
		};
		626E82812642537C008CF047 /* Sources */ = {
			isa = PBXSourcesBuildPhase;
			buildActionMask = 2147483647;
			files = (
				626E828A2642537C008CF047 /* asdk_moviesTests.m in Sources */,
			);
			runOnlyForDeploymentPostprocessing = 0;
		};
		626E828C2642537C008CF047 /* Sources */ = {
			isa = PBXSourcesBuildPhase;
			buildActionMask = 2147483647;
			files = (
				626E82952642537C008CF047 /* asdk_moviesUITests.m in Sources */,
			);
			runOnlyForDeploymentPostprocessing = 0;
		};
/* End PBXSourcesBuildPhase section */

/* Begin PBXTargetDependency section */
		626E82872642537C008CF047 /* PBXTargetDependency */ = {
			isa = PBXTargetDependency;
			target = 626E82692642537B008CF047 /* asdk-movies */;
			targetProxy = 626E82862642537C008CF047 /* PBXContainerItemProxy */;
		};
		626E82922642537C008CF047 /* PBXTargetDependency */ = {
			isa = PBXTargetDependency;
			target = 626E82692642537B008CF047 /* asdk-movies */;
			targetProxy = 626E82912642537C008CF047 /* PBXContainerItemProxy */;
		};
/* End PBXTargetDependency section */

/* Begin PBXVariantGroup section */
		626E82762642537B008CF047 /* Main.storyboard */ = {
			isa = PBXVariantGroup;
			children = (
				626E82772642537B008CF047 /* Base */,
			);
			name = Main.storyboard;
			sourceTree = "<group>";
		};
		626E827B2642537C008CF047 /* LaunchScreen.storyboard */ = {
			isa = PBXVariantGroup;
			children = (
				626E827C2642537C008CF047 /* Base */,
			);
			name = LaunchScreen.storyboard;
			sourceTree = "<group>";
		};
/* End PBXVariantGroup section */

/* Begin XCBuildConfiguration section */
		626E82972642537C008CF047 /* Debug */ = {
			isa = XCBuildConfiguration;
			buildSettings = {
				ALWAYS_SEARCH_USER_PATHS = NO;
				CLANG_ANALYZER_NONNULL = YES;
				CLANG_ANALYZER_NUMBER_OBJECT_CONVERSION = YES_AGGRESSIVE;
				CLANG_CXX_LANGUAGE_STANDARD = "gnu++14";
				CLANG_CXX_LIBRARY = "libc++";
				CLANG_ENABLE_MODULES = YES;
				CLANG_ENABLE_OBJC_ARC = YES;
				CLANG_ENABLE_OBJC_WEAK = YES;
				CLANG_WARN_BLOCK_CAPTURE_AUTORELEASING = YES;
				CLANG_WARN_BOOL_CONVERSION = YES;
				CLANG_WARN_COMMA = YES;
				CLANG_WARN_CONSTANT_CONVERSION = YES;
				CLANG_WARN_DEPRECATED_OBJC_IMPLEMENTATIONS = YES;
				CLANG_WARN_DIRECT_OBJC_ISA_USAGE = YES_ERROR;
				CLANG_WARN_DOCUMENTATION_COMMENTS = YES;
				CLANG_WARN_EMPTY_BODY = YES;
				CLANG_WARN_ENUM_CONVERSION = YES;
				CLANG_WARN_INFINITE_RECURSION = YES;
				CLANG_WARN_INT_CONVERSION = YES;
				CLANG_WARN_NON_LITERAL_NULL_CONVERSION = YES;
				CLANG_WARN_OBJC_IMPLICIT_RETAIN_SELF = YES;
				CLANG_WARN_OBJC_LITERAL_CONVERSION = YES;
				CLANG_WARN_OBJC_ROOT_CLASS = YES_ERROR;
				CLANG_WARN_QUOTED_INCLUDE_IN_FRAMEWORK_HEADER = YES;
				CLANG_WARN_RANGE_LOOP_ANALYSIS = YES;
				CLANG_WARN_STRICT_PROTOTYPES = YES;
				CLANG_WARN_SUSPICIOUS_MOVE = YES;
				CLANG_WARN_UNGUARDED_AVAILABILITY = YES_AGGRESSIVE;
				CLANG_WARN_UNREACHABLE_CODE = YES;
				CLANG_WARN__DUPLICATE_METHOD_MATCH = YES;
				COPY_PHASE_STRIP = NO;
				DEBUG_INFORMATION_FORMAT = dwarf;
				ENABLE_STRICT_OBJC_MSGSEND = YES;
				ENABLE_TESTABILITY = YES;
				GCC_C_LANGUAGE_STANDARD = gnu11;
				GCC_DYNAMIC_NO_PIC = NO;
				GCC_NO_COMMON_BLOCKS = YES;
				GCC_OPTIMIZATION_LEVEL = 0;
				GCC_PREPROCESSOR_DEFINITIONS = (
					"DEBUG=1",
					"$(inherited)",
				);
				GCC_WARN_64_TO_32_BIT_CONVERSION = YES;
				GCC_WARN_ABOUT_RETURN_TYPE = YES_ERROR;
				GCC_WARN_UNDECLARED_SELECTOR = YES;
				GCC_WARN_UNINITIALIZED_AUTOS = YES_AGGRESSIVE;
				GCC_WARN_UNUSED_FUNCTION = YES;
				GCC_WARN_UNUSED_VARIABLE = YES;
				IPHONEOS_DEPLOYMENT_TARGET = 14.5;
				MTL_ENABLE_DEBUG_INFO = INCLUDE_SOURCE;
				MTL_FAST_MATH = YES;
				ONLY_ACTIVE_ARCH = YES;
				SDKROOT = iphoneos;
			};
			name = Debug;
		};
		626E82982642537C008CF047 /* Release */ = {
			isa = XCBuildConfiguration;
			buildSettings = {
				ALWAYS_SEARCH_USER_PATHS = NO;
				CLANG_ANALYZER_NONNULL = YES;
				CLANG_ANALYZER_NUMBER_OBJECT_CONVERSION = YES_AGGRESSIVE;
				CLANG_CXX_LANGUAGE_STANDARD = "gnu++14";
				CLANG_CXX_LIBRARY = "libc++";
				CLANG_ENABLE_MODULES = YES;
				CLANG_ENABLE_OBJC_ARC = YES;
				CLANG_ENABLE_OBJC_WEAK = YES;
				CLANG_WARN_BLOCK_CAPTURE_AUTORELEASING = YES;
				CLANG_WARN_BOOL_CONVERSION = YES;
				CLANG_WARN_COMMA = YES;
				CLANG_WARN_CONSTANT_CONVERSION = YES;
				CLANG_WARN_DEPRECATED_OBJC_IMPLEMENTATIONS = YES;
				CLANG_WARN_DIRECT_OBJC_ISA_USAGE = YES_ERROR;
				CLANG_WARN_DOCUMENTATION_COMMENTS = YES;
				CLANG_WARN_EMPTY_BODY = YES;
				CLANG_WARN_ENUM_CONVERSION = YES;
				CLANG_WARN_INFINITE_RECURSION = YES;
				CLANG_WARN_INT_CONVERSION = YES;
				CLANG_WARN_NON_LITERAL_NULL_CONVERSION = YES;
				CLANG_WARN_OBJC_IMPLICIT_RETAIN_SELF = YES;
				CLANG_WARN_OBJC_LITERAL_CONVERSION = YES;
				CLANG_WARN_OBJC_ROOT_CLASS = YES_ERROR;
				CLANG_WARN_QUOTED_INCLUDE_IN_FRAMEWORK_HEADER = YES;
				CLANG_WARN_RANGE_LOOP_ANALYSIS = YES;
				CLANG_WARN_STRICT_PROTOTYPES = YES;
				CLANG_WARN_SUSPICIOUS_MOVE = YES;
				CLANG_WARN_UNGUARDED_AVAILABILITY = YES_AGGRESSIVE;
				CLANG_WARN_UNREACHABLE_CODE = YES;
				CLANG_WARN__DUPLICATE_METHOD_MATCH = YES;
				COPY_PHASE_STRIP = NO;
				DEBUG_INFORMATION_FORMAT = "dwarf-with-dsym";
				ENABLE_NS_ASSERTIONS = NO;
				ENABLE_STRICT_OBJC_MSGSEND = YES;
				GCC_C_LANGUAGE_STANDARD = gnu11;
				GCC_NO_COMMON_BLOCKS = YES;
				GCC_WARN_64_TO_32_BIT_CONVERSION = YES;
				GCC_WARN_ABOUT_RETURN_TYPE = YES_ERROR;
				GCC_WARN_UNDECLARED_SELECTOR = YES;
				GCC_WARN_UNINITIALIZED_AUTOS = YES_AGGRESSIVE;
				GCC_WARN_UNUSED_FUNCTION = YES;
				GCC_WARN_UNUSED_VARIABLE = YES;
				IPHONEOS_DEPLOYMENT_TARGET = 14.5;
				MTL_ENABLE_DEBUG_INFO = NO;
				MTL_FAST_MATH = YES;
				SDKROOT = iphoneos;
				VALIDATE_PRODUCT = YES;
			};
			name = Release;
		};
		626E829A2642537C008CF047 /* Debug */ = {
			isa = XCBuildConfiguration;
			baseConfigurationReference = 22A5F7E91D2736DE00044408 /* Pods-asdk-movies.debug.xcconfig */;
			buildSettings = {
				ASSETCATALOG_COMPILER_APPICON_NAME = AppIcon;
				ASSETCATALOG_COMPILER_GLOBAL_ACCENT_COLOR_NAME = AccentColor;
				CODE_SIGN_STYLE = Automatic;
				INFOPLIST_FILE = "asdk-movies/Info.plist";
				LD_RUNPATH_SEARCH_PATHS = (
					"$(inherited)",
					"@executable_path/Frameworks",
				);
				PRODUCT_BUNDLE_IDENTIFIER = "com.miguel-batilando.asdk-movies.asdk-movies";
				PRODUCT_NAME = "$(TARGET_NAME)";
				TARGETED_DEVICE_FAMILY = "1,2";
			};
			name = Debug;
		};
		626E829B2642537C008CF047 /* Release */ = {
			isa = XCBuildConfiguration;
			baseConfigurationReference = F6B0EBB8F8A79514EA2C20DF /* Pods-asdk-movies.release.xcconfig */;
			buildSettings = {
				ASSETCATALOG_COMPILER_APPICON_NAME = AppIcon;
				ASSETCATALOG_COMPILER_GLOBAL_ACCENT_COLOR_NAME = AccentColor;
				CODE_SIGN_STYLE = Automatic;
				INFOPLIST_FILE = "asdk-movies/Info.plist";
				LD_RUNPATH_SEARCH_PATHS = (
					"$(inherited)",
					"@executable_path/Frameworks",
				);
				PRODUCT_BUNDLE_IDENTIFIER = "com.miguel-batilando.asdk-movies.asdk-movies";
				PRODUCT_NAME = "$(TARGET_NAME)";
				TARGETED_DEVICE_FAMILY = "1,2";
			};
			name = Release;
		};
		626E829D2642537C008CF047 /* Debug */ = {
			isa = XCBuildConfiguration;
			baseConfigurationReference = A3F20CC0E59E106798AB19FA /* Pods-asdk-moviesTests.debug.xcconfig */;
			buildSettings = {
				BUNDLE_LOADER = "$(TEST_HOST)";
				CODE_SIGN_STYLE = Automatic;
				INFOPLIST_FILE = "asdk-moviesTests/Info.plist";
				IPHONEOS_DEPLOYMENT_TARGET = 14.5;
				LD_RUNPATH_SEARCH_PATHS = (
					"$(inherited)",
					"@executable_path/Frameworks",
					"@loader_path/Frameworks",
				);
				PRODUCT_BUNDLE_IDENTIFIER = "com.miguel-batilando.asdk-movies.asdk-moviesTests";
				PRODUCT_NAME = "$(TARGET_NAME)";
				TARGETED_DEVICE_FAMILY = "1,2";
				TEST_HOST = "$(BUILT_PRODUCTS_DIR)/asdk-movies.app/asdk-movies";
			};
			name = Debug;
		};
		626E829E2642537C008CF047 /* Release */ = {
			isa = XCBuildConfiguration;
			baseConfigurationReference = 3C7FA8661D488AFBDBA2C409 /* Pods-asdk-moviesTests.release.xcconfig */;
			buildSettings = {
				BUNDLE_LOADER = "$(TEST_HOST)";
				CODE_SIGN_STYLE = Automatic;
				INFOPLIST_FILE = "asdk-moviesTests/Info.plist";
				IPHONEOS_DEPLOYMENT_TARGET = 14.5;
				LD_RUNPATH_SEARCH_PATHS = (
					"$(inherited)",
					"@executable_path/Frameworks",
					"@loader_path/Frameworks",
				);
				PRODUCT_BUNDLE_IDENTIFIER = "com.miguel-batilando.asdk-movies.asdk-moviesTests";
				PRODUCT_NAME = "$(TARGET_NAME)";
				TARGETED_DEVICE_FAMILY = "1,2";
				TEST_HOST = "$(BUILT_PRODUCTS_DIR)/asdk-movies.app/asdk-movies";
			};
			name = Release;
		};
		626E82A02642537C008CF047 /* Debug */ = {
			isa = XCBuildConfiguration;
			baseConfigurationReference = 65C07384F86D1D4FF2691BE0 /* Pods-asdk-movies-asdk-moviesUITests.debug.xcconfig */;
			buildSettings = {
				CODE_SIGN_STYLE = Automatic;
				INFOPLIST_FILE = "asdk-moviesUITests/Info.plist";
				LD_RUNPATH_SEARCH_PATHS = (
					"$(inherited)",
					"@executable_path/Frameworks",
					"@loader_path/Frameworks",
				);
				PRODUCT_BUNDLE_IDENTIFIER = "com.miguel-batilando.asdk-movies.asdk-moviesUITests";
				PRODUCT_NAME = "$(TARGET_NAME)";
				TARGETED_DEVICE_FAMILY = "1,2";
				TEST_TARGET_NAME = "asdk-movies";
			};
			name = Debug;
		};
		626E82A12642537C008CF047 /* Release */ = {
			isa = XCBuildConfiguration;
			baseConfigurationReference = C794C39F20E03AB927C8F184 /* Pods-asdk-movies-asdk-moviesUITests.release.xcconfig */;
			buildSettings = {
				CODE_SIGN_STYLE = Automatic;
				INFOPLIST_FILE = "asdk-moviesUITests/Info.plist";
				LD_RUNPATH_SEARCH_PATHS = (
					"$(inherited)",
					"@executable_path/Frameworks",
					"@loader_path/Frameworks",
				);
				PRODUCT_BUNDLE_IDENTIFIER = "com.miguel-batilando.asdk-movies.asdk-moviesUITests";
				PRODUCT_NAME = "$(TARGET_NAME)";
				TARGETED_DEVICE_FAMILY = "1,2";
				TEST_TARGET_NAME = "asdk-movies";
			};
			name = Release;
		};
/* End XCBuildConfiguration section */

/* Begin XCConfigurationList section */
		626E82652642537B008CF047 /* Build configuration list for PBXProject "asdk-movies" */ = {
			isa = XCConfigurationList;
			buildConfigurations = (
				626E82972642537C008CF047 /* Debug */,
				626E82982642537C008CF047 /* Release */,
			);
			defaultConfigurationIsVisible = 0;
			defaultConfigurationName = Release;
		};
		626E82992642537C008CF047 /* Build configuration list for PBXNativeTarget "asdk-movies" */ = {
			isa = XCConfigurationList;
			buildConfigurations = (
				626E829A2642537C008CF047 /* Debug */,
				626E829B2642537C008CF047 /* Release */,
			);
			defaultConfigurationIsVisible = 0;
			defaultConfigurationName = Release;
		};
		626E829C2642537C008CF047 /* Build configuration list for PBXNativeTarget "asdk-moviesTests" */ = {
			isa = XCConfigurationList;
			buildConfigurations = (
				626E829D2642537C008CF047 /* Debug */,
				626E829E2642537C008CF047 /* Release */,
			);
			defaultConfigurationIsVisible = 0;
			defaultConfigurationName = Release;
		};
		626E829F2642537C008CF047 /* Build configuration list for PBXNativeTarget "asdk-moviesUITests" */ = {
			isa = XCConfigurationList;
			buildConfigurations = (
				626E82A02642537C008CF047 /* Debug */,
				626E82A12642537C008CF047 /* Release */,
			);
			defaultConfigurationIsVisible = 0;
			defaultConfigurationName = Release;
		};
/* End XCConfigurationList section */
	};
	rootObject = 626E82622642537B008CF047 /* Project object */;
}
